
Microsoft Visual Studio Solution File, Format Version 12.00
# Visual Studio Version 17
VisualStudioVersion = 17.8.34322.80
MinimumVisualStudioVersion = 10.0.40219.1
Project("{FAE04EC0-301F-11D3-BF4B-00C04F79EFBC}") = "Tarefass", "Tarefass\Tarefass.csproj", "{89422B21-A9EF-4EED-B764-881457546311}"
EndProject
Global
	GlobalSection(SolutionConfigurationPlatforms) = preSolution
		Debug|Any CPU = Debug|Any CPU
		Release|Any CPU = Release|Any CPU
	EndGlobalSection
	GlobalSection(ProjectConfigurationPlatforms) = postSolution
		{89422B21-A9EF-4EED-B764-881457546311}.Debug|Any CPU.ActiveCfg = Debug|Any CPU
		{89422B21-A9EF-4EED-B764-881457546311}.Debug|Any CPU.Build.0 = Debug|Any CPU
		{89422B21-A9EF-4EED-B764-881457546311}.Release|Any CPU.ActiveCfg = Release|Any CPU
		{89422B21-A9EF-4EED-B764-881457546311}.Release|Any CPU.Build.0 = Release|Any CPU
	EndGlobalSection
	GlobalSection(SolutionProperties) = preSolution
		HideSolutionNode = FALSE
	EndGlobalSection
	GlobalSection(ExtensibilityGlobals) = postSolution
		SolutionGuid = {C20E2DC2-037B-4CE2-B66B-81E1A511571A}
	EndGlobalSection
EndGlobal
